
Microsoft Visual Studio Solution File, Format Version 12.00
Project("{FAE04EC0-301F-11D3-BF4B-00C04F79EFBC}") = "GeekComparer.Domain", "src\GeekComparer.Domain\GeekComparer.Domain.csproj", "{39C90717-B6A4-4AFA-9A2E-47216EE7655F}"
EndProject
Project("{FAE04EC0-301F-11D3-BF4B-00C04F79EFBC}") = "GeekComparer.Web", "src\GeekComparer.Web\GeekComparer.Web.csproj", "{72C2EAE5-585C-4437-AE18-113814A59D86}"
EndProject
Project("{FAE04EC0-301F-11D3-BF4B-00C04F79EFBC}") = "GeekComparer.Infrastructure", "src\GeekComparer.Infrastructure\GeekComparer.Infrastructure.csproj", "{C8EB8539-BEAA-4FF0-8CF2-77DB0A2D2AFC}"
EndProject
Project("{2150E333-8FDC-42A3-9474-1A3956D46DE8}") = "Solution Items", "Solution Items", "{E856F103-5DCF-402C-8E44-99449941DCAD}"
	ProjectSection(SolutionItems) = preProject
		docker-compose.yml = docker-compose.yml
	EndProjectSection
EndProject
Global
	GlobalSection(SolutionConfigurationPlatforms) = preSolution
		Debug|Any CPU = Debug|Any CPU
		Release|Any CPU = Release|Any CPU
	EndGlobalSection
	GlobalSection(ProjectConfigurationPlatforms) = postSolution
		{39C90717-B6A4-4AFA-9A2E-47216EE7655F}.Debug|Any CPU.ActiveCfg = Debug|Any CPU
		{39C90717-B6A4-4AFA-9A2E-47216EE7655F}.Debug|Any CPU.Build.0 = Debug|Any CPU
		{39C90717-B6A4-4AFA-9A2E-47216EE7655F}.Release|Any CPU.ActiveCfg = Release|Any CPU
		{39C90717-B6A4-4AFA-9A2E-47216EE7655F}.Release|Any CPU.Build.0 = Release|Any CPU
		{72C2EAE5-585C-4437-AE18-113814A59D86}.Debug|Any CPU.ActiveCfg = Debug|Any CPU
		{72C2EAE5-585C-4437-AE18-113814A59D86}.Debug|Any CPU.Build.0 = Debug|Any CPU
		{72C2EAE5-585C-4437-AE18-113814A59D86}.Release|Any CPU.ActiveCfg = Release|Any CPU
		{72C2EAE5-585C-4437-AE18-113814A59D86}.Release|Any CPU.Build.0 = Release|Any CPU
		{C8EB8539-BEAA-4FF0-8CF2-77DB0A2D2AFC}.Debug|Any CPU.ActiveCfg = Debug|Any CPU
		{C8EB8539-BEAA-4FF0-8CF2-77DB0A2D2AFC}.Debug|Any CPU.Build.0 = Debug|Any CPU
		{C8EB8539-BEAA-4FF0-8CF2-77DB0A2D2AFC}.Release|Any CPU.ActiveCfg = Release|Any CPU
		{C8EB8539-BEAA-4FF0-8CF2-77DB0A2D2AFC}.Release|Any CPU.Build.0 = Release|Any CPU
	EndGlobalSection
EndGlobal
